
Microsoft Visual Studio Solution File, Format Version 12.00
# Visual Studio Version 17
VisualStudioVersion = 17.6.33815.320
MinimumVisualStudioVersion = 10.0.40219.1
Project("{FAE04EC0-301F-11D3-BF4B-00C04F79EFBC}") = "Conday5ass-6", "Conday5ass-6.csproj", "{7343A8E3-093C-4DDB-BBF0-455DAE41358E}"
EndProject
Global
	GlobalSection(SolutionConfigurationPlatforms) = preSolution
		Debug|Any CPU = Debug|Any CPU
		Release|Any CPU = Release|Any CPU
	EndGlobalSection
	GlobalSection(ProjectConfigurationPlatforms) = postSolution
		{7343A8E3-093C-4DDB-BBF0-455DAE41358E}.Debug|Any CPU.ActiveCfg = Debug|Any CPU
		{7343A8E3-093C-4DDB-BBF0-455DAE41358E}.Debug|Any CPU.Build.0 = Debug|Any CPU
		{7343A8E3-093C-4DDB-BBF0-455DAE41358E}.Release|Any CPU.ActiveCfg = Release|Any CPU
		{7343A8E3-093C-4DDB-BBF0-455DAE41358E}.Release|Any CPU.Build.0 = Release|Any CPU
	EndGlobalSection
	GlobalSection(SolutionProperties) = preSolution
		HideSolutionNode = FALSE
	EndGlobalSection
	GlobalSection(ExtensibilityGlobals) = postSolution
		SolutionGuid = {6131D96E-B01D-42C6-9B1A-B20F837B08CC}
	EndGlobalSection
EndGlobal
